
Microsoft Visual Studio Solution File, Format Version 12.00
# Visual Studio Version 17
VisualStudioVersion = 17.8.34525.116
MinimumVisualStudioVersion = 10.0.40219.1
Project("{9A19103F-16F7-4668-BE54-9A1E7A4F7556}") = "DepSite", "DepSite.csproj", "{77AE02D8-7D03-482D-8CC8-493AD4F992B9}"
EndProject
Global
	GlobalSection(SolutionConfigurationPlatforms) = preSolution
		Debug|Any CPU = Debug|Any CPU
		Release|Any CPU = Release|Any CPU
	EndGlobalSection
	GlobalSection(ProjectConfigurationPlatforms) = postSolution
		{77AE02D8-7D03-482D-8CC8-493AD4F992B9}.Debug|Any CPU.ActiveCfg = Debug|Any CPU
		{77AE02D8-7D03-482D-8CC8-493AD4F992B9}.Debug|Any CPU.Build.0 = Debug|Any CPU
		{77AE02D8-7D03-482D-8CC8-493AD4F992B9}.Release|Any CPU.ActiveCfg = Release|Any CPU
		{77AE02D8-7D03-482D-8CC8-493AD4F992B9}.Release|Any CPU.Build.0 = Release|Any CPU
	EndGlobalSection
	GlobalSection(SolutionProperties) = preSolution
		HideSolutionNode = FALSE
	EndGlobalSection
	GlobalSection(ExtensibilityGlobals) = postSolution
		SolutionGuid = {44D1202E-3ABF-4237-B918-5FD991DF3791}
	EndGlobalSection
EndGlobal
